
Microsoft Visual Studio Solution File, Format Version 12.00
# Visual Studio Version 16
VisualStudioVersion = 16.0.29728.190
MinimumVisualStudioVersion = 10.0.40219.1
Project("{9A19103F-16F7-4668-BE54-9A1E7A4F7556}") = "Lazynet.Core", "Lazynet.Core\Lazynet.Core.csproj", "{CDD520C1-6A8F-452D-89E9-D9CE9C90C34A}"
EndProject
Project("{9A19103F-16F7-4668-BE54-9A1E7A4F7556}") = "Lazynet.LuaCore", "Lazynet.LuaCore\Lazynet.LuaCore.csproj", "{DECF2C67-9467-4606-B825-68F469E105F4}"
EndProject
Project("{9A19103F-16F7-4668-BE54-9A1E7A4F7556}") = "Lazynet.LoginMgr", "Lazynet.LoginMgr\Lazynet.LoginMgr.csproj", "{38D3C250-5798-4726-BF0F-2ECB6CBBA57C}"
EndProject
Project("{9A19103F-16F7-4668-BE54-9A1E7A4F7556}") = "Lazynet.LoginApp", "Lazynet.LoginApp\Lazynet.LoginApp.csproj", "{2773C7C4-DE03-44DD-83EC-1034B755D59A}"
EndProject
Project("{9A19103F-16F7-4668-BE54-9A1E7A4F7556}") = "Lazynet.DB", "Lazynet.DB\Lazynet.DB.csproj", "{B64C7764-40B9-41D5-B715-08196A8270A9}"
EndProject
Global
	GlobalSection(SolutionConfigurationPlatforms) = preSolution
		Debug|Any CPU = Debug|Any CPU
		Release|Any CPU = Release|Any CPU
	EndGlobalSection
	GlobalSection(ProjectConfigurationPlatforms) = postSolution
		{CDD520C1-6A8F-452D-89E9-D9CE9C90C34A}.Debug|Any CPU.ActiveCfg = Debug|Any CPU
		{CDD520C1-6A8F-452D-89E9-D9CE9C90C34A}.Debug|Any CPU.Build.0 = Debug|Any CPU
		{CDD520C1-6A8F-452D-89E9-D9CE9C90C34A}.Release|Any CPU.ActiveCfg = Debug|Any CPU
		{CDD520C1-6A8F-452D-89E9-D9CE9C90C34A}.Release|Any CPU.Build.0 = Debug|Any CPU
		{DECF2C67-9467-4606-B825-68F469E105F4}.Debug|Any CPU.ActiveCfg = Debug|Any CPU
		{DECF2C67-9467-4606-B825-68F469E105F4}.Debug|Any CPU.Build.0 = Debug|Any CPU
		{DECF2C67-9467-4606-B825-68F469E105F4}.Release|Any CPU.ActiveCfg = Debug|Any CPU
		{DECF2C67-9467-4606-B825-68F469E105F4}.Release|Any CPU.Build.0 = Debug|Any CPU
		{38D3C250-5798-4726-BF0F-2ECB6CBBA57C}.Debug|Any CPU.ActiveCfg = Debug|Any CPU
		{38D3C250-5798-4726-BF0F-2ECB6CBBA57C}.Debug|Any CPU.Build.0 = Debug|Any CPU
		{38D3C250-5798-4726-BF0F-2ECB6CBBA57C}.Release|Any CPU.ActiveCfg = Release|Any CPU
		{38D3C250-5798-4726-BF0F-2ECB6CBBA57C}.Release|Any CPU.Build.0 = Release|Any CPU
		{2773C7C4-DE03-44DD-83EC-1034B755D59A}.Debug|Any CPU.ActiveCfg = Debug|Any CPU
		{2773C7C4-DE03-44DD-83EC-1034B755D59A}.Debug|Any CPU.Build.0 = Debug|Any CPU
		{2773C7C4-DE03-44DD-83EC-1034B755D59A}.Release|Any CPU.ActiveCfg = Release|Any CPU
		{2773C7C4-DE03-44DD-83EC-1034B755D59A}.Release|Any CPU.Build.0 = Release|Any CPU
		{B64C7764-40B9-41D5-B715-08196A8270A9}.Debug|Any CPU.ActiveCfg = Debug|Any CPU
		{B64C7764-40B9-41D5-B715-08196A8270A9}.Debug|Any CPU.Build.0 = Debug|Any CPU
		{B64C7764-40B9-41D5-B715-08196A8270A9}.Release|Any CPU.ActiveCfg = Release|Any CPU
		{B64C7764-40B9-41D5-B715-08196A8270A9}.Release|Any CPU.Build.0 = Release|Any CPU
	EndGlobalSection
	GlobalSection(SolutionProperties) = preSolution
		HideSolutionNode = FALSE
	EndGlobalSection
	GlobalSection(ExtensibilityGlobals) = postSolution
		SolutionGuid = {1D9251E5-2EB5-4703-9CAA-91217A754C7E}
	EndGlobalSection
EndGlobal
