
Microsoft Visual Studio Solution File, Format Version 12.00
# Visual Studio Version 16
VisualStudioVersion = 16.0.29728.190
MinimumVisualStudioVersion = 10.0.40219.1
Project("{9A19103F-16F7-4668-BE54-9A1E7A4F7556}") = "Lazynet.Core", "Lazynet.Core\Lazynet.Core.csproj", "{CDD520C1-6A8F-452D-89E9-D9CE9C90C34A}"
EndProject
Project("{9A19103F-16F7-4668-BE54-9A1E7A4F7556}") = "Lazynet.DB", "Lazynet.DB\Lazynet.DB.csproj", "{B64C7764-40B9-41D5-B715-08196A8270A9}"
EndProject
Project("{9A19103F-16F7-4668-BE54-9A1E7A4F7556}") = "Lazynet.AppCore", "Lazynet.AppCore\Lazynet.AppCore.csproj", "{B87D3CEE-7FC8-4223-AACC-1A103FB6AA8D}"
EndProject
Project("{9A19103F-16F7-4668-BE54-9A1E7A4F7556}") = "Lazynet.LogApp", "Lazynet.LogApp\Lazynet.LogApp.csproj", "{D97F8724-CAC1-4DAC-BFD8-E49C18230C8F}"
EndProject
Project("{9A19103F-16F7-4668-BE54-9A1E7A4F7556}") = "Lazynet.AppMgr", "Lazynet.AppMgr\Lazynet.AppMgr.csproj", "{58550053-8573-4FA1-8C19-E7A50C45E93D}"
EndProject
Project("{9A19103F-16F7-4668-BE54-9A1E7A4F7556}") = "Lazynet.GateApp", "Lazynet.GateApp\Lazynet.GateApp.csproj", "{186FEA19-93AF-459D-B7AB-19B6EAB21E0C}"
EndProject
Project("{9A19103F-16F7-4668-BE54-9A1E7A4F7556}") = "Lazynet.LoginApp", "Lazynet.LoginApp\Lazynet.LoginApp.csproj", "{F8744040-0D7E-449D-9A96-929B1AC6F60C}"
EndProject
Project("{9A19103F-16F7-4668-BE54-9A1E7A4F7556}") = "Lazynet.GameApp", "Lazynet.GameApp\Lazynet.GameApp.csproj", "{F622831A-3F34-4C4C-A43D-22B98BAB8D3B}"
EndProject
Global
	GlobalSection(SolutionConfigurationPlatforms) = preSolution
		Debug|Any CPU = Debug|Any CPU
		Release|Any CPU = Release|Any CPU
	EndGlobalSection
	GlobalSection(ProjectConfigurationPlatforms) = postSolution
		{CDD520C1-6A8F-452D-89E9-D9CE9C90C34A}.Debug|Any CPU.ActiveCfg = Debug|Any CPU
		{CDD520C1-6A8F-452D-89E9-D9CE9C90C34A}.Debug|Any CPU.Build.0 = Debug|Any CPU
		{CDD520C1-6A8F-452D-89E9-D9CE9C90C34A}.Release|Any CPU.ActiveCfg = Debug|Any CPU
		{CDD520C1-6A8F-452D-89E9-D9CE9C90C34A}.Release|Any CPU.Build.0 = Debug|Any CPU
		{B64C7764-40B9-41D5-B715-08196A8270A9}.Debug|Any CPU.ActiveCfg = Debug|Any CPU
		{B64C7764-40B9-41D5-B715-08196A8270A9}.Debug|Any CPU.Build.0 = Debug|Any CPU
		{B64C7764-40B9-41D5-B715-08196A8270A9}.Release|Any CPU.ActiveCfg = Release|Any CPU
		{B64C7764-40B9-41D5-B715-08196A8270A9}.Release|Any CPU.Build.0 = Release|Any CPU
		{B87D3CEE-7FC8-4223-AACC-1A103FB6AA8D}.Debug|Any CPU.ActiveCfg = Debug|Any CPU
		{B87D3CEE-7FC8-4223-AACC-1A103FB6AA8D}.Debug|Any CPU.Build.0 = Debug|Any CPU
		{B87D3CEE-7FC8-4223-AACC-1A103FB6AA8D}.Release|Any CPU.ActiveCfg = Release|Any CPU
		{B87D3CEE-7FC8-4223-AACC-1A103FB6AA8D}.Release|Any CPU.Build.0 = Release|Any CPU
		{D97F8724-CAC1-4DAC-BFD8-E49C18230C8F}.Debug|Any CPU.ActiveCfg = Debug|Any CPU
		{D97F8724-CAC1-4DAC-BFD8-E49C18230C8F}.Debug|Any CPU.Build.0 = Debug|Any CPU
		{D97F8724-CAC1-4DAC-BFD8-E49C18230C8F}.Release|Any CPU.ActiveCfg = Release|Any CPU
		{D97F8724-CAC1-4DAC-BFD8-E49C18230C8F}.Release|Any CPU.Build.0 = Release|Any CPU
		{58550053-8573-4FA1-8C19-E7A50C45E93D}.Debug|Any CPU.ActiveCfg = Debug|Any CPU
		{58550053-8573-4FA1-8C19-E7A50C45E93D}.Debug|Any CPU.Build.0 = Debug|Any CPU
		{58550053-8573-4FA1-8C19-E7A50C45E93D}.Release|Any CPU.ActiveCfg = Release|Any CPU
		{58550053-8573-4FA1-8C19-E7A50C45E93D}.Release|Any CPU.Build.0 = Release|Any CPU
		{186FEA19-93AF-459D-B7AB-19B6EAB21E0C}.Debug|Any CPU.ActiveCfg = Debug|Any CPU
		{186FEA19-93AF-459D-B7AB-19B6EAB21E0C}.Debug|Any CPU.Build.0 = Debug|Any CPU
		{186FEA19-93AF-459D-B7AB-19B6EAB21E0C}.Release|Any CPU.ActiveCfg = Release|Any CPU
		{186FEA19-93AF-459D-B7AB-19B6EAB21E0C}.Release|Any CPU.Build.0 = Release|Any CPU
		{F8744040-0D7E-449D-9A96-929B1AC6F60C}.Debug|Any CPU.ActiveCfg = Debug|Any CPU
		{F8744040-0D7E-449D-9A96-929B1AC6F60C}.Debug|Any CPU.Build.0 = Debug|Any CPU
		{F8744040-0D7E-449D-9A96-929B1AC6F60C}.Release|Any CPU.ActiveCfg = Release|Any CPU
		{F8744040-0D7E-449D-9A96-929B1AC6F60C}.Release|Any CPU.Build.0 = Release|Any CPU
		{F622831A-3F34-4C4C-A43D-22B98BAB8D3B}.Debug|Any CPU.ActiveCfg = Debug|Any CPU
		{F622831A-3F34-4C4C-A43D-22B98BAB8D3B}.Debug|Any CPU.Build.0 = Debug|Any CPU
		{F622831A-3F34-4C4C-A43D-22B98BAB8D3B}.Release|Any CPU.ActiveCfg = Release|Any CPU
		{F622831A-3F34-4C4C-A43D-22B98BAB8D3B}.Release|Any CPU.Build.0 = Release|Any CPU
	EndGlobalSection
	GlobalSection(SolutionProperties) = preSolution
		HideSolutionNode = FALSE
	EndGlobalSection
	GlobalSection(ExtensibilityGlobals) = postSolution
		SolutionGuid = {1D9251E5-2EB5-4703-9CAA-91217A754C7E}
	EndGlobalSection
EndGlobal
